
Microsoft Visual Studio Solution File, Format Version 12.00
Project("{FAE04EC0-301F-11D3-BF4B-00C04F79EFBC}") = "TestBackendTask.App", "TestBackendTask.App\TestBackendTask.App.csproj", "{E11CCA0F-CA0E-49C3-B993-D324D5748D10}"
EndProject
Project("{FAE04EC0-301F-11D3-BF4B-00C04F79EFBC}") = "TestBackendTask.Server", "TestBackendTask.Server\TestBackendTask.Server.csproj", "{8AA76D12-D4B6-4802-9691-0206EAF99E5C}"
EndProject
Project("{2150E333-8FDC-42A3-9474-1A3956D46DE8}") = "configs", "configs", "{F9EEF581-1828-444F-AC18-67411215FC95}"
	ProjectSection(SolutionItems) = preProject
		Dockerfile = Dockerfile
		.dockerignore = .dockerignore
		report.http = report.http
	EndProjectSection
EndProject
Project("{2150E333-8FDC-42A3-9474-1A3956D46DE8}") = "src", "src", "{C2AE0802-1E54-4482-B960-FACCADA961AD}"
EndProject
Project("{2150E333-8FDC-42A3-9474-1A3956D46DE8}") = "tests", "tests", "{DE7C2A4E-DE31-47E3-A9AD-4D2F48F63950}"
EndProject
Project("{FAE04EC0-301F-11D3-BF4B-00C04F79EFBC}") = "TestBackendTask.App.Tests", "TestBackendTask.App.Tests\TestBackendTask.App.Tests.csproj", "{AF1392DB-0C2A-41E8-BFFF-A243C7C265CF}"
EndProject
Global
	GlobalSection(SolutionConfigurationPlatforms) = preSolution
		Debug|Any CPU = Debug|Any CPU
		Release|Any CPU = Release|Any CPU
	EndGlobalSection
	GlobalSection(ProjectConfigurationPlatforms) = postSolution
		{E11CCA0F-CA0E-49C3-B993-D324D5748D10}.Debug|Any CPU.ActiveCfg = Debug|Any CPU
		{E11CCA0F-CA0E-49C3-B993-D324D5748D10}.Debug|Any CPU.Build.0 = Debug|Any CPU
		{E11CCA0F-CA0E-49C3-B993-D324D5748D10}.Release|Any CPU.ActiveCfg = Release|Any CPU
		{E11CCA0F-CA0E-49C3-B993-D324D5748D10}.Release|Any CPU.Build.0 = Release|Any CPU
		{8AA76D12-D4B6-4802-9691-0206EAF99E5C}.Debug|Any CPU.ActiveCfg = Debug|Any CPU
		{8AA76D12-D4B6-4802-9691-0206EAF99E5C}.Debug|Any CPU.Build.0 = Debug|Any CPU
		{8AA76D12-D4B6-4802-9691-0206EAF99E5C}.Release|Any CPU.ActiveCfg = Release|Any CPU
		{8AA76D12-D4B6-4802-9691-0206EAF99E5C}.Release|Any CPU.Build.0 = Release|Any CPU
		{AF1392DB-0C2A-41E8-BFFF-A243C7C265CF}.Debug|Any CPU.ActiveCfg = Debug|Any CPU
		{AF1392DB-0C2A-41E8-BFFF-A243C7C265CF}.Debug|Any CPU.Build.0 = Debug|Any CPU
		{AF1392DB-0C2A-41E8-BFFF-A243C7C265CF}.Release|Any CPU.ActiveCfg = Release|Any CPU
		{AF1392DB-0C2A-41E8-BFFF-A243C7C265CF}.Release|Any CPU.Build.0 = Release|Any CPU
	EndGlobalSection
	GlobalSection(NestedProjects) = preSolution
		{E11CCA0F-CA0E-49C3-B993-D324D5748D10} = {C2AE0802-1E54-4482-B960-FACCADA961AD}
		{8AA76D12-D4B6-4802-9691-0206EAF99E5C} = {C2AE0802-1E54-4482-B960-FACCADA961AD}
		{AF1392DB-0C2A-41E8-BFFF-A243C7C265CF} = {DE7C2A4E-DE31-47E3-A9AD-4D2F48F63950}
	EndGlobalSection
EndGlobal
